
Microsoft Visual Studio Solution File, Format Version 12.00
# Visual Studio 2012
Project("{FAE04EC0-301F-11D3-BF4B-00C04F79EFBC}") = "RemovDupSortedArr", "RemovDupSortedArr\RemovDupSortedArr.csproj", "{E6831218-4131-454C-90C9-FE8849B36A09}"
EndProject
Global
	GlobalSection(SolutionConfigurationPlatforms) = preSolution
		Debug|Any CPU = Debug|Any CPU
		Release|Any CPU = Release|Any CPU
	EndGlobalSection
	GlobalSection(ProjectConfigurationPlatforms) = postSolution
		{E6831218-4131-454C-90C9-FE8849B36A09}.Debug|Any CPU.ActiveCfg = Debug|Any CPU
		{E6831218-4131-454C-90C9-FE8849B36A09}.Debug|Any CPU.Build.0 = Debug|Any CPU
		{E6831218-4131-454C-90C9-FE8849B36A09}.Release|Any CPU.ActiveCfg = Release|Any CPU
		{E6831218-4131-454C-90C9-FE8849B36A09}.Release|Any CPU.Build.0 = Release|Any CPU
	EndGlobalSection
EndGlobal
