
Microsoft Visual Studio Solution File, Format Version 12.00
# Visual Studio 2012
Project("{FAE04EC0-301F-11D3-BF4B-00C04F79EFBC}") = "Factorial", "Factorial\Factorial.csproj", "{EE382441-C56E-4BCD-8DBC-A0D32A60596D}"
EndProject
Global
	GlobalSection(SolutionConfigurationPlatforms) = preSolution
		Debug|Any CPU = Debug|Any CPU
		Release|Any CPU = Release|Any CPU
	EndGlobalSection
	GlobalSection(ProjectConfigurationPlatforms) = postSolution
		{EE382441-C56E-4BCD-8DBC-A0D32A60596D}.Debug|Any CPU.ActiveCfg = Debug|Any CPU
		{EE382441-C56E-4BCD-8DBC-A0D32A60596D}.Debug|Any CPU.Build.0 = Debug|Any CPU
		{EE382441-C56E-4BCD-8DBC-A0D32A60596D}.Release|Any CPU.ActiveCfg = Release|Any CPU
		{EE382441-C56E-4BCD-8DBC-A0D32A60596D}.Release|Any CPU.Build.0 = Release|Any CPU
	EndGlobalSection
EndGlobal
