
Microsoft Visual Studio Solution File, Format Version 12.00
# Visual Studio 2012
Project("{FAE04EC0-301F-11D3-BF4B-00C04F79EFBC}") = "PrimeNumber", "PrimeNumber\PrimeNumber.csproj", "{C97C66BF-906A-4977-8F65-602DD70F2419}"
EndProject
Global
	GlobalSection(SolutionConfigurationPlatforms) = preSolution
		Debug|Any CPU = Debug|Any CPU
		Release|Any CPU = Release|Any CPU
	EndGlobalSection
	GlobalSection(ProjectConfigurationPlatforms) = postSolution
		{C97C66BF-906A-4977-8F65-602DD70F2419}.Debug|Any CPU.ActiveCfg = Debug|Any CPU
		{C97C66BF-906A-4977-8F65-602DD70F2419}.Debug|Any CPU.Build.0 = Debug|Any CPU
		{C97C66BF-906A-4977-8F65-602DD70F2419}.Release|Any CPU.ActiveCfg = Release|Any CPU
		{C97C66BF-906A-4977-8F65-602DD70F2419}.Release|Any CPU.Build.0 = Release|Any CPU
	EndGlobalSection
EndGlobal
